
Microsoft Visual Studio Solution File, Format Version 12.00
# Visual Studio Version 16
VisualStudioVersion = 16.0.30002.166
MinimumVisualStudioVersion = 10.0.40219.1
Project("{FAE04EC0-301F-11D3-BF4B-00C04F79EFBC}") = "PP8", "PP8\PP8.csproj", "{C018E1B6-8D91-4472-8D6E-51BAE27BBE49}"
EndProject
Global
	GlobalSection(SolutionConfigurationPlatforms) = preSolution
		Debug|Any CPU = Debug|Any CPU
		Release|Any CPU = Release|Any CPU
	EndGlobalSection
	GlobalSection(ProjectConfigurationPlatforms) = postSolution
		{C018E1B6-8D91-4472-8D6E-51BAE27BBE49}.Debug|Any CPU.ActiveCfg = Debug|Any CPU
		{C018E1B6-8D91-4472-8D6E-51BAE27BBE49}.Debug|Any CPU.Build.0 = Debug|Any CPU
		{C018E1B6-8D91-4472-8D6E-51BAE27BBE49}.Release|Any CPU.ActiveCfg = Release|Any CPU
		{C018E1B6-8D91-4472-8D6E-51BAE27BBE49}.Release|Any CPU.Build.0 = Release|Any CPU
	EndGlobalSection
	GlobalSection(SolutionProperties) = preSolution
		HideSolutionNode = FALSE
	EndGlobalSection
	GlobalSection(ExtensibilityGlobals) = postSolution
		SolutionGuid = {B72F91A6-4D79-433A-96AE-CC2993667987}
	EndGlobalSection
EndGlobal
