
Microsoft Visual Studio Solution File, Format Version 12.00
# Visual Studio Version 16
VisualStudioVersion = 16.0.30002.166
MinimumVisualStudioVersion = 10.0.40219.1
Project("{FAE04EC0-301F-11D3-BF4B-00C04F79EFBC}") = "Problema del caballo", "Problema del caballo\Problema del caballo.csproj", "{FBE847A0-4E47-4BFF-897C-B70B6AF59D13}"
EndProject
Global
	GlobalSection(SolutionConfigurationPlatforms) = preSolution
		Debug|Any CPU = Debug|Any CPU
		Release|Any CPU = Release|Any CPU
	EndGlobalSection
	GlobalSection(ProjectConfigurationPlatforms) = postSolution
		{FBE847A0-4E47-4BFF-897C-B70B6AF59D13}.Debug|Any CPU.ActiveCfg = Debug|Any CPU
		{FBE847A0-4E47-4BFF-897C-B70B6AF59D13}.Debug|Any CPU.Build.0 = Debug|Any CPU
		{FBE847A0-4E47-4BFF-897C-B70B6AF59D13}.Release|Any CPU.ActiveCfg = Release|Any CPU
		{FBE847A0-4E47-4BFF-897C-B70B6AF59D13}.Release|Any CPU.Build.0 = Release|Any CPU
	EndGlobalSection
	GlobalSection(SolutionProperties) = preSolution
		HideSolutionNode = FALSE
	EndGlobalSection
	GlobalSection(ExtensibilityGlobals) = postSolution
		SolutionGuid = {2B2951B5-A320-47E4-BC48-0E42345EFE05}
	EndGlobalSection
EndGlobal
