
Microsoft Visual Studio Solution File, Format Version 12.00
# Visual Studio Version 16
VisualStudioVersion = 16.0.29613.14
MinimumVisualStudioVersion = 10.0.40219.1
Project("{FAE04EC0-301F-11D3-BF4B-00C04F79EFBC}") = "PP2", "PP2.csproj", "{459979CC-81D3-4E5C-BA71-729692DAD2F0}"
EndProject
Global
	GlobalSection(SolutionConfigurationPlatforms) = preSolution
		Debug|Any CPU = Debug|Any CPU
		Release|Any CPU = Release|Any CPU
	EndGlobalSection
	GlobalSection(ProjectConfigurationPlatforms) = postSolution
		{459979CC-81D3-4E5C-BA71-729692DAD2F0}.Debug|Any CPU.ActiveCfg = Debug|Any CPU
		{459979CC-81D3-4E5C-BA71-729692DAD2F0}.Debug|Any CPU.Build.0 = Debug|Any CPU
		{459979CC-81D3-4E5C-BA71-729692DAD2F0}.Release|Any CPU.ActiveCfg = Release|Any CPU
		{459979CC-81D3-4E5C-BA71-729692DAD2F0}.Release|Any CPU.Build.0 = Release|Any CPU
	EndGlobalSection
	GlobalSection(SolutionProperties) = preSolution
		HideSolutionNode = FALSE
	EndGlobalSection
	GlobalSection(ExtensibilityGlobals) = postSolution
		SolutionGuid = {F814370E-923D-4754-B677-4B80CAD642AB}
	EndGlobalSection
EndGlobal
