
Microsoft Visual Studio Solution File, Format Version 12.00
# Visual Studio Version 16
VisualStudioVersion = 16.0.29613.14
MinimumVisualStudioVersion = 10.0.40219.1
Project("{FAE04EC0-301F-11D3-BF4B-00C04F79EFBC}") = "N caballo", "N caballo.csproj", "{2BBBC21C-4F17-4794-A443-360A67D23A27}"
EndProject
Global
	GlobalSection(SolutionConfigurationPlatforms) = preSolution
		Debug|Any CPU = Debug|Any CPU
		Release|Any CPU = Release|Any CPU
	EndGlobalSection
	GlobalSection(ProjectConfigurationPlatforms) = postSolution
		{2BBBC21C-4F17-4794-A443-360A67D23A27}.Debug|Any CPU.ActiveCfg = Debug|Any CPU
		{2BBBC21C-4F17-4794-A443-360A67D23A27}.Debug|Any CPU.Build.0 = Debug|Any CPU
		{2BBBC21C-4F17-4794-A443-360A67D23A27}.Release|Any CPU.ActiveCfg = Release|Any CPU
		{2BBBC21C-4F17-4794-A443-360A67D23A27}.Release|Any CPU.Build.0 = Release|Any CPU
	EndGlobalSection
	GlobalSection(SolutionProperties) = preSolution
		HideSolutionNode = FALSE
	EndGlobalSection
	GlobalSection(ExtensibilityGlobals) = postSolution
		SolutionGuid = {CA325F38-438B-418F-A7A8-13C558D044C6}
	EndGlobalSection
EndGlobal
