
Microsoft Visual Studio Solution File, Format Version 12.00
# Visual Studio Version 16
VisualStudioVersion = 16.0.29613.14
MinimumVisualStudioVersion = 10.0.40219.1
Project("{FAE04EC0-301F-11D3-BF4B-00C04F79EFBC}") = "Caballo IF FIN", "Caballo IF FIN.csproj", "{C68593A3-3FFF-480E-9E87-B801D6D0D41B}"
EndProject
Global
	GlobalSection(SolutionConfigurationPlatforms) = preSolution
		Debug|Any CPU = Debug|Any CPU
		Release|Any CPU = Release|Any CPU
	EndGlobalSection
	GlobalSection(ProjectConfigurationPlatforms) = postSolution
		{C68593A3-3FFF-480E-9E87-B801D6D0D41B}.Debug|Any CPU.ActiveCfg = Debug|Any CPU
		{C68593A3-3FFF-480E-9E87-B801D6D0D41B}.Debug|Any CPU.Build.0 = Debug|Any CPU
		{C68593A3-3FFF-480E-9E87-B801D6D0D41B}.Release|Any CPU.ActiveCfg = Release|Any CPU
		{C68593A3-3FFF-480E-9E87-B801D6D0D41B}.Release|Any CPU.Build.0 = Release|Any CPU
	EndGlobalSection
	GlobalSection(SolutionProperties) = preSolution
		HideSolutionNode = FALSE
	EndGlobalSection
	GlobalSection(ExtensibilityGlobals) = postSolution
		SolutionGuid = {54FDEB6D-A304-49AE-924E-485FB5F1258F}
	EndGlobalSection
EndGlobal
